
Microsoft Visual Studio Solution File, Format Version 12.00
# Visual Studio 15
VisualStudioVersion = 15.0.28307.489
MinimumVisualStudioVersion = 10.0.40219.1
Project("{2150E333-8FDC-42A3-9474-1A3956D46DE8}") = "Libraries", "Libraries", "{8C0C6E67-B88F-41B0-A9E3-D25BA61DDFA4}"
EndProject
Project("{FAE04EC0-301F-11D3-BF4B-00C04F79EFBC}") = "Nope.Core", "Nope.Core\Nope.Core.csproj", "{5835E9C9-2D19-4B1A-A6B8-1086F4800F26}"
EndProject
Global
	GlobalSection(SolutionConfigurationPlatforms) = preSolution
		Debug|Any CPU = Debug|Any CPU
		Release|Any CPU = Release|Any CPU
	EndGlobalSection
	GlobalSection(ProjectConfigurationPlatforms) = postSolution
		{5835E9C9-2D19-4B1A-A6B8-1086F4800F26}.Debug|Any CPU.ActiveCfg = Debug|Any CPU
		{5835E9C9-2D19-4B1A-A6B8-1086F4800F26}.Debug|Any CPU.Build.0 = Debug|Any CPU
		{5835E9C9-2D19-4B1A-A6B8-1086F4800F26}.Release|Any CPU.ActiveCfg = Release|Any CPU
		{5835E9C9-2D19-4B1A-A6B8-1086F4800F26}.Release|Any CPU.Build.0 = Release|Any CPU
	EndGlobalSection
	GlobalSection(SolutionProperties) = preSolution
		HideSolutionNode = FALSE
	EndGlobalSection
	GlobalSection(NestedProjects) = preSolution
		{5835E9C9-2D19-4B1A-A6B8-1086F4800F26} = {8C0C6E67-B88F-41B0-A9E3-D25BA61DDFA4}
	EndGlobalSection
	GlobalSection(ExtensibilityGlobals) = postSolution
		SolutionGuid = {36CC5086-5719-44BD-A45A-F610A42366EC}
	EndGlobalSection
EndGlobal
